
Microsoft Visual Studio Solution File, Format Version 12.00
# Visual Studio Version 16
VisualStudioVersion = 16.0.33214.272
MinimumVisualStudioVersion = 10.0.40219.1
Project("{FAE04EC0-301F-11D3-BF4B-00C04F79EFBC}") = "BtyonFramework", "BtyonFramework\BtyonFramework.csproj", "{36B3ED1C-CFA0-47EE-A7AD-D06D84BDDCE3}"
EndProject
Global
	GlobalSection(SolutionConfigurationPlatforms) = preSolution
		Debug|Any CPU = Debug|Any CPU
		Release|Any CPU = Release|Any CPU
	EndGlobalSection
	GlobalSection(ProjectConfigurationPlatforms) = postSolution
		{36B3ED1C-CFA0-47EE-A7AD-D06D84BDDCE3}.Debug|Any CPU.ActiveCfg = Debug|Any CPU
		{36B3ED1C-CFA0-47EE-A7AD-D06D84BDDCE3}.Debug|Any CPU.Build.0 = Debug|Any CPU
		{36B3ED1C-CFA0-47EE-A7AD-D06D84BDDCE3}.Release|Any CPU.ActiveCfg = Release|Any CPU
		{36B3ED1C-CFA0-47EE-A7AD-D06D84BDDCE3}.Release|Any CPU.Build.0 = Release|Any CPU
	EndGlobalSection
	GlobalSection(SolutionProperties) = preSolution
		HideSolutionNode = FALSE
	EndGlobalSection
	GlobalSection(ExtensibilityGlobals) = postSolution
		SolutionGuid = {E99C728E-AB6A-442C-B9CD-5A92706FE8E5}
	EndGlobalSection
EndGlobal
